
Microsoft Visual Studio Solution File, Format Version 12.00
# Visual Studio Version 16
VisualStudioVersion = 16.0.34031.81
MinimumVisualStudioVersion = 10.0.40219.1
Project("{2150E333-8FDC-42A3-9474-1A3956D46DE8}") = "Task0", "Task0", "{873C8EA3-E661-4C3B-BA2D-B824639D4FF0}"
EndProject
Project("{FAE04EC0-301F-11D3-BF4B-00C04F79EFBC}") = "Tyuiu.PasyukKV.Sprint0.Task0.V0", "Tyuiu.PasyukKV.Sprint0.Task0.V0\Tyuiu.PasyukKV.Sprint0.Task0.V0.csproj", "{2537FEA4-8A92-459B-AC76-A551F072A5E4}"
EndProject
Project("{2150E333-8FDC-42A3-9474-1A3956D46DE8}") = "Task1", "Task1", "{083F02B4-765D-4A10-9C87-7C942F300A94}"
EndProject
Project("{FAE04EC0-301F-11D3-BF4B-00C04F79EFBC}") = "Tyuiu.PasyukKV.Sprint0.Task1.V0", "Tyuiu.PasyukKV.Sprint0.Task1.V0\Tyuiu.PasyukKV.Sprint0.Task1.V0.csproj", "{A78165DC-B8DC-400A-9A31-5DDF18D2365F}"
EndProject
Project("{2150E333-8FDC-42A3-9474-1A3956D46DE8}") = "Task2", "Task2", "{6B8380B8-5A9E-4A9C-9C22-976BE79BC520}"
EndProject
Project("{FAE04EC0-301F-11D3-BF4B-00C04F79EFBC}") = "Tyuiu.PasyukKV.Sprint0.Task2.V0", "Tyuiu.PasyukKV.Sprint1.Task2.V0\Tyuiu.PasyukKV.Sprint0.Task2.V0.csproj", "{8AC8A65B-2D02-4E19-BCA1-4F14D1EA91DA}"
EndProject
Project("{FAE04EC0-301F-11D3-BF4B-00C04F79EFBC}") = "Tyuiu.PasyukKV.Sprint0.Task2.V0.Lib", "Tyuiu.PasyukKV.Sprint1.Task2.V0.Lib\Tyuiu.PasyukKV.Sprint0.Task2.V0.Lib.csproj", "{ACD99C1C-E8FF-4CB2-86D6-DB3D7E68B260}"
EndProject
Project("{FAE04EC0-301F-11D3-BF4B-00C04F79EFBC}") = "Tyuiu.PasyukKV.Sprint0.Task2.V0.Test", "Tyuiu.PasyukKV.Sprint1.Task2.V0.Test\Tyuiu.PasyukKV.Sprint0.Task2.V0.Test.csproj", "{64081B6C-34B2-4D1E-8183-65FFF6E3830D}"
EndProject
Project("{2150E333-8FDC-42A3-9474-1A3956D46DE8}") = "Task3", "Task3", "{2A5BBB0C-549D-460B-8F76-805E69D2D3B8}"
EndProject
Project("{FAE04EC0-301F-11D3-BF4B-00C04F79EFBC}") = "Tyuiu.PasyukKV.Sprint0.Task3.V0", "Tyuiu.PasyukKV.Sprint0.Task3.V0\Tyuiu.PasyukKV.Sprint0.Task3.V0.csproj", "{5767DCF1-6618-438D-9AFD-29B9CCDD14BB}"
EndProject
Project("{FAE04EC0-301F-11D3-BF4B-00C04F79EFBC}") = "Tyuiu.PasyukKV.Sprint0.Task3.V0.Lib", "Tyuiu.PasyukKV.Sprint0.Task3.V0.Lib\Tyuiu.PasyukKV.Sprint0.Task3.V0.Lib.csproj", "{F29540E5-9C12-4503-936F-ED90E275458D}"
EndProject
Project("{FAE04EC0-301F-11D3-BF4B-00C04F79EFBC}") = "Tyuiu.PasyukKV.Sprint0.Task3.V0.Test", "Tyuiu.PasyukKV.Sprint0.Task3.V0.Test\Tyuiu.PasyukKV.Sprint0.Task3.V0.Test.csproj", "{24D3AAF0-36DF-4683-874F-4530468EFEAE}"
EndProject
Project("{2150E333-8FDC-42A3-9474-1A3956D46DE8}") = "Task4", "Task4", "{0A565C05-1CC8-4846-AD21-F1DD955B87BD}"
EndProject
Project("{FAE04EC0-301F-11D3-BF4B-00C04F79EFBC}") = "Tyuiu.PasyukKV.Sprint0.Task4.V0", "Tyuiu.PasyukKV.Sprint0.Task4.V0\Tyuiu.PasyukKV.Sprint0.Task4.V0.csproj", "{856DED90-A961-4B98-9467-66CE81C1477B}"
EndProject
Project("{FAE04EC0-301F-11D3-BF4B-00C04F79EFBC}") = "Tyuiu.PasyukKV.Sprint0.Task4.V0.Lib", "Tyuiu.PasyukKV.Sprint0.Task4.V0.Lib\Tyuiu.PasyukKV.Sprint0.Task4.V0.Lib.csproj", "{B748E972-7460-4A5D-BE1A-9E0ABCEFBA16}"
EndProject
Project("{FAE04EC0-301F-11D3-BF4B-00C04F79EFBC}") = "Tyuiu.PasyukKV.Sprint0.Task4.V0.Test", "Tyuiu.PasyukKV.Sprint0.Task4.V0.Test\Tyuiu.PasyukKV.Sprint0.Task4.V0.Test.csproj", "{0A50DFF7-920A-47D2-A9C5-4F8A32D0CCB9}"
EndProject
Project("{2150E333-8FDC-42A3-9474-1A3956D46DE8}") = "Task5", "Task5", "{2024C1B4-5EB4-46B0-8DB7-E092AE3B084A}"
EndProject
Project("{FAE04EC0-301F-11D3-BF4B-00C04F79EFBC}") = "Tyuiu.PasyukKV.Sprint0.Task5.V0", "Tyuiu.PasyukKV.Sprint0.Task5.V0\Tyuiu.PasyukKV.Sprint0.Task5.V0.csproj", "{7820A221-E080-4832-B7EE-A795127D2C85}"
EndProject
Project("{FAE04EC0-301F-11D3-BF4B-00C04F79EFBC}") = "Tyuiu.PasyukKV.Sprint0.Task5.V0.Lib", "Tyuiu.PasyukKV.Sprint0.Task5.V0.Lib\Tyuiu.PasyukKV.Sprint0.Task5.V0.Lib.csproj", "{967C6E01-C1BD-4C8C-B2C2-CE36EFD43B0D}"
EndProject
Project("{FAE04EC0-301F-11D3-BF4B-00C04F79EFBC}") = "Tyuiu.PasyukKV.Sprint0.Task5.V0.Test", "Tyuiu.PasyukKV.Sprint0.Task5.V0.Test\Tyuiu.PasyukKV.Sprint0.Task5.V0.Test.csproj", "{C5D0F442-C950-427E-8934-1ABE97E28251}"
EndProject
Project("{2150E333-8FDC-42A3-9474-1A3956D46DE8}") = "Task6", "Task6", "{7A18BDDC-733C-4CB7-A7F1-EB5CAF37E877}"
EndProject
Project("{FAE04EC0-301F-11D3-BF4B-00C04F79EFBC}") = "Tyuiu.PasyukKV.Sprint0.Task6.V0", "Tyuiu.PasyukKV.Sprint0.Task6.V0\Tyuiu.PasyukKV.Sprint0.Task6.V0.csproj", "{8FFB31D0-0750-4A57-A41C-FCDE64266D9B}"
EndProject
Project("{FAE04EC0-301F-11D3-BF4B-00C04F79EFBC}") = "Tyuiu.PasyukKV.Sprint0.Task6.V0.Lib", "Tyuiu.PasyukKV.Sprint0.Task6.V0.Lib\Tyuiu.PasyukKV.Sprint0.Task6.V0.Lib.csproj", "{371253F1-87DC-4329-A2D1-636D337A04A2}"
EndProject
Project("{FAE04EC0-301F-11D3-BF4B-00C04F79EFBC}") = "Tyuiu.PasyukKV.Sprint0.Task6.V0.Test", "Tyuiu.PasyukKV.Sprint0.Task6.V0.Test\Tyuiu.PasyukKV.Sprint0.Task6.V0.Test.csproj", "{6FB27A49-ADE6-40E4-B7EE-F2465DFCF699}"
EndProject
Project("{2150E333-8FDC-42A3-9474-1A3956D46DE8}") = "Task7", "Task7", "{AF197F48-8C1B-4344-8134-36C2529CDDDF}"
EndProject
Project("{FAE04EC0-301F-11D3-BF4B-00C04F79EFBC}") = "Tyuiu.PasyukKV.Sprint0.Task7.V0", "Tyuiu.PasyukKV.Sprint0.Task7.V0\Tyuiu.PasyukKV.Sprint0.Task7.V0.csproj", "{C6BC9EBD-FE5F-4E27-AADC-A6E3F2F909AC}"
EndProject
Project("{FAE04EC0-301F-11D3-BF4B-00C04F79EFBC}") = "Tyuiu.PasyukKV.Sprint0.Task7.V0.Lib", "Tyuiu.PasyukKV.Sprint0.Task7.V0.Lib\Tyuiu.PasyukKV.Sprint0.Task7.V0.Lib.csproj", "{6DBAFA2B-E126-447B-B11D-72F07E03953C}"
EndProject
Project("{FAE04EC0-301F-11D3-BF4B-00C04F79EFBC}") = "Tyuiu.PasyukKV.Sprint0.Task7.V0.Test", "Tyuiu.PasyukKV.Sprint0.Task7.V0.Test\Tyuiu.PasyukKV.Sprint0.Task7.V0.Test.csproj", "{E77F4231-5093-4002-B12F-9D086D997896}"
EndProject
Global
	GlobalSection(SolutionConfigurationPlatforms) = preSolution
		Debug|Any CPU = Debug|Any CPU
		Debug|x64 = Debug|x64
		Debug|x86 = Debug|x86
		Release|Any CPU = Release|Any CPU
		Release|x64 = Release|x64
		Release|x86 = Release|x86
	EndGlobalSection
	GlobalSection(ProjectConfigurationPlatforms) = postSolution
		{2537FEA4-8A92-459B-AC76-A551F072A5E4}.Debug|Any CPU.ActiveCfg = Debug|Any CPU
		{2537FEA4-8A92-459B-AC76-A551F072A5E4}.Debug|Any CPU.Build.0 = Debug|Any CPU
		{2537FEA4-8A92-459B-AC76-A551F072A5E4}.Debug|x64.ActiveCfg = Debug|Any CPU
		{2537FEA4-8A92-459B-AC76-A551F072A5E4}.Debug|x64.Build.0 = Debug|Any CPU
		{2537FEA4-8A92-459B-AC76-A551F072A5E4}.Debug|x86.ActiveCfg = Debug|Any CPU
		{2537FEA4-8A92-459B-AC76-A551F072A5E4}.Debug|x86.Build.0 = Debug|Any CPU
		{2537FEA4-8A92-459B-AC76-A551F072A5E4}.Release|Any CPU.ActiveCfg = Release|Any CPU
		{2537FEA4-8A92-459B-AC76-A551F072A5E4}.Release|Any CPU.Build.0 = Release|Any CPU
		{2537FEA4-8A92-459B-AC76-A551F072A5E4}.Release|x64.ActiveCfg = Release|Any CPU
		{2537FEA4-8A92-459B-AC76-A551F072A5E4}.Release|x64.Build.0 = Release|Any CPU
		{2537FEA4-8A92-459B-AC76-A551F072A5E4}.Release|x86.ActiveCfg = Release|Any CPU
		{2537FEA4-8A92-459B-AC76-A551F072A5E4}.Release|x86.Build.0 = Release|Any CPU
		{A78165DC-B8DC-400A-9A31-5DDF18D2365F}.Debug|Any CPU.ActiveCfg = Debug|Any CPU
		{A78165DC-B8DC-400A-9A31-5DDF18D2365F}.Debug|Any CPU.Build.0 = Debug|Any CPU
		{A78165DC-B8DC-400A-9A31-5DDF18D2365F}.Debug|x64.ActiveCfg = Debug|Any CPU
		{A78165DC-B8DC-400A-9A31-5DDF18D2365F}.Debug|x64.Build.0 = Debug|Any CPU
		{A78165DC-B8DC-400A-9A31-5DDF18D2365F}.Debug|x86.ActiveCfg = Debug|Any CPU
		{A78165DC-B8DC-400A-9A31-5DDF18D2365F}.Debug|x86.Build.0 = Debug|Any CPU
		{A78165DC-B8DC-400A-9A31-5DDF18D2365F}.Release|Any CPU.ActiveCfg = Release|Any CPU
		{A78165DC-B8DC-400A-9A31-5DDF18D2365F}.Release|Any CPU.Build.0 = Release|Any CPU
		{A78165DC-B8DC-400A-9A31-5DDF18D2365F}.Release|x64.ActiveCfg = Release|Any CPU
		{A78165DC-B8DC-400A-9A31-5DDF18D2365F}.Release|x64.Build.0 = Release|Any CPU
		{A78165DC-B8DC-400A-9A31-5DDF18D2365F}.Release|x86.ActiveCfg = Release|Any CPU
		{A78165DC-B8DC-400A-9A31-5DDF18D2365F}.Release|x86.Build.0 = Release|Any CPU
		{8AC8A65B-2D02-4E19-BCA1-4F14D1EA91DA}.Debug|Any CPU.ActiveCfg = Debug|Any CPU
		{8AC8A65B-2D02-4E19-BCA1-4F14D1EA91DA}.Debug|Any CPU.Build.0 = Debug|Any CPU
		{8AC8A65B-2D02-4E19-BCA1-4F14D1EA91DA}.Debug|x64.ActiveCfg = Debug|Any CPU
		{8AC8A65B-2D02-4E19-BCA1-4F14D1EA91DA}.Debug|x64.Build.0 = Debug|Any CPU
		{8AC8A65B-2D02-4E19-BCA1-4F14D1EA91DA}.Debug|x86.ActiveCfg = Debug|Any CPU
		{8AC8A65B-2D02-4E19-BCA1-4F14D1EA91DA}.Debug|x86.Build.0 = Debug|Any CPU
		{8AC8A65B-2D02-4E19-BCA1-4F14D1EA91DA}.Release|Any CPU.ActiveCfg = Release|Any CPU
		{8AC8A65B-2D02-4E19-BCA1-4F14D1EA91DA}.Release|Any CPU.Build.0 = Release|Any CPU
		{8AC8A65B-2D02-4E19-BCA1-4F14D1EA91DA}.Release|x64.ActiveCfg = Release|Any CPU
		{8AC8A65B-2D02-4E19-BCA1-4F14D1EA91DA}.Release|x64.Build.0 = Release|Any CPU
		{8AC8A65B-2D02-4E19-BCA1-4F14D1EA91DA}.Release|x86.ActiveCfg = Release|Any CPU
		{8AC8A65B-2D02-4E19-BCA1-4F14D1EA91DA}.Release|x86.Build.0 = Release|Any CPU
		{ACD99C1C-E8FF-4CB2-86D6-DB3D7E68B260}.Debug|Any CPU.ActiveCfg = Debug|Any CPU
		{ACD99C1C-E8FF-4CB2-86D6-DB3D7E68B260}.Debug|Any CPU.Build.0 = Debug|Any CPU
		{ACD99C1C-E8FF-4CB2-86D6-DB3D7E68B260}.Debug|x64.ActiveCfg = Debug|Any CPU
		{ACD99C1C-E8FF-4CB2-86D6-DB3D7E68B260}.Debug|x64.Build.0 = Debug|Any CPU
		{ACD99C1C-E8FF-4CB2-86D6-DB3D7E68B260}.Debug|x86.ActiveCfg = Debug|Any CPU
		{ACD99C1C-E8FF-4CB2-86D6-DB3D7E68B260}.Debug|x86.Build.0 = Debug|Any CPU
		{ACD99C1C-E8FF-4CB2-86D6-DB3D7E68B260}.Release|Any CPU.ActiveCfg = Release|Any CPU
		{ACD99C1C-E8FF-4CB2-86D6-DB3D7E68B260}.Release|Any CPU.Build.0 = Release|Any CPU
		{ACD99C1C-E8FF-4CB2-86D6-DB3D7E68B260}.Release|x64.ActiveCfg = Release|Any CPU
		{ACD99C1C-E8FF-4CB2-86D6-DB3D7E68B260}.Release|x64.Build.0 = Release|Any CPU
		{ACD99C1C-E8FF-4CB2-86D6-DB3D7E68B260}.Release|x86.ActiveCfg = Release|Any CPU
		{ACD99C1C-E8FF-4CB2-86D6-DB3D7E68B260}.Release|x86.Build.0 = Release|Any CPU
		{64081B6C-34B2-4D1E-8183-65FFF6E3830D}.Debug|Any CPU.ActiveCfg = Debug|Any CPU
		{64081B6C-34B2-4D1E-8183-65FFF6E3830D}.Debug|Any CPU.Build.0 = Debug|Any CPU
		{64081B6C-34B2-4D1E-8183-65FFF6E3830D}.Debug|x64.ActiveCfg = Debug|Any CPU
		{64081B6C-34B2-4D1E-8183-65FFF6E3830D}.Debug|x64.Build.0 = Debug|Any CPU
		{64081B6C-34B2-4D1E-8183-65FFF6E3830D}.Debug|x86.ActiveCfg = Debug|Any CPU
		{64081B6C-34B2-4D1E-8183-65FFF6E3830D}.Debug|x86.Build.0 = Debug|Any CPU
		{64081B6C-34B2-4D1E-8183-65FFF6E3830D}.Release|Any CPU.ActiveCfg = Release|Any CPU
		{64081B6C-34B2-4D1E-8183-65FFF6E3830D}.Release|Any CPU.Build.0 = Release|Any CPU
		{64081B6C-34B2-4D1E-8183-65FFF6E3830D}.Release|x64.ActiveCfg = Release|Any CPU
		{64081B6C-34B2-4D1E-8183-65FFF6E3830D}.Release|x64.Build.0 = Release|Any CPU
		{64081B6C-34B2-4D1E-8183-65FFF6E3830D}.Release|x86.ActiveCfg = Release|Any CPU
		{64081B6C-34B2-4D1E-8183-65FFF6E3830D}.Release|x86.Build.0 = Release|Any CPU
		{5767DCF1-6618-438D-9AFD-29B9CCDD14BB}.Debug|Any CPU.ActiveCfg = Debug|Any CPU
		{5767DCF1-6618-438D-9AFD-29B9CCDD14BB}.Debug|Any CPU.Build.0 = Debug|Any CPU
		{5767DCF1-6618-438D-9AFD-29B9CCDD14BB}.Debug|x64.ActiveCfg = Debug|Any CPU
		{5767DCF1-6618-438D-9AFD-29B9CCDD14BB}.Debug|x64.Build.0 = Debug|Any CPU
		{5767DCF1-6618-438D-9AFD-29B9CCDD14BB}.Debug|x86.ActiveCfg = Debug|Any CPU
		{5767DCF1-6618-438D-9AFD-29B9CCDD14BB}.Debug|x86.Build.0 = Debug|Any CPU
		{5767DCF1-6618-438D-9AFD-29B9CCDD14BB}.Release|Any CPU.ActiveCfg = Release|Any CPU
		{5767DCF1-6618-438D-9AFD-29B9CCDD14BB}.Release|Any CPU.Build.0 = Release|Any CPU
		{5767DCF1-6618-438D-9AFD-29B9CCDD14BB}.Release|x64.ActiveCfg = Release|Any CPU
		{5767DCF1-6618-438D-9AFD-29B9CCDD14BB}.Release|x64.Build.0 = Release|Any CPU
		{5767DCF1-6618-438D-9AFD-29B9CCDD14BB}.Release|x86.ActiveCfg = Release|Any CPU
		{5767DCF1-6618-438D-9AFD-29B9CCDD14BB}.Release|x86.Build.0 = Release|Any CPU
		{F29540E5-9C12-4503-936F-ED90E275458D}.Debug|Any CPU.ActiveCfg = Debug|Any CPU
		{F29540E5-9C12-4503-936F-ED90E275458D}.Debug|Any CPU.Build.0 = Debug|Any CPU
		{F29540E5-9C12-4503-936F-ED90E275458D}.Debug|x64.ActiveCfg = Debug|Any CPU
		{F29540E5-9C12-4503-936F-ED90E275458D}.Debug|x64.Build.0 = Debug|Any CPU
		{F29540E5-9C12-4503-936F-ED90E275458D}.Debug|x86.ActiveCfg = Debug|Any CPU
		{F29540E5-9C12-4503-936F-ED90E275458D}.Debug|x86.Build.0 = Debug|Any CPU
		{F29540E5-9C12-4503-936F-ED90E275458D}.Release|Any CPU.ActiveCfg = Release|Any CPU
		{F29540E5-9C12-4503-936F-ED90E275458D}.Release|Any CPU.Build.0 = Release|Any CPU
		{F29540E5-9C12-4503-936F-ED90E275458D}.Release|x64.ActiveCfg = Release|Any CPU
		{F29540E5-9C12-4503-936F-ED90E275458D}.Release|x64.Build.0 = Release|Any CPU
		{F29540E5-9C12-4503-936F-ED90E275458D}.Release|x86.ActiveCfg = Release|Any CPU
		{F29540E5-9C12-4503-936F-ED90E275458D}.Release|x86.Build.0 = Release|Any CPU
		{24D3AAF0-36DF-4683-874F-4530468EFEAE}.Debug|Any CPU.ActiveCfg = Debug|Any CPU
		{24D3AAF0-36DF-4683-874F-4530468EFEAE}.Debug|Any CPU.Build.0 = Debug|Any CPU
		{24D3AAF0-36DF-4683-874F-4530468EFEAE}.Debug|x64.ActiveCfg = Debug|Any CPU
		{24D3AAF0-36DF-4683-874F-4530468EFEAE}.Debug|x64.Build.0 = Debug|Any CPU
		{24D3AAF0-36DF-4683-874F-4530468EFEAE}.Debug|x86.ActiveCfg = Debug|Any CPU
		{24D3AAF0-36DF-4683-874F-4530468EFEAE}.Debug|x86.Build.0 = Debug|Any CPU
		{24D3AAF0-36DF-4683-874F-4530468EFEAE}.Release|Any CPU.ActiveCfg = Release|Any CPU
		{24D3AAF0-36DF-4683-874F-4530468EFEAE}.Release|Any CPU.Build.0 = Release|Any CPU
		{24D3AAF0-36DF-4683-874F-4530468EFEAE}.Release|x64.ActiveCfg = Release|Any CPU
		{24D3AAF0-36DF-4683-874F-4530468EFEAE}.Release|x64.Build.0 = Release|Any CPU
		{24D3AAF0-36DF-4683-874F-4530468EFEAE}.Release|x86.ActiveCfg = Release|Any CPU
		{24D3AAF0-36DF-4683-874F-4530468EFEAE}.Release|x86.Build.0 = Release|Any CPU
		{856DED90-A961-4B98-9467-66CE81C1477B}.Debug|Any CPU.ActiveCfg = Debug|Any CPU
		{856DED90-A961-4B98-9467-66CE81C1477B}.Debug|Any CPU.Build.0 = Debug|Any CPU
		{856DED90-A961-4B98-9467-66CE81C1477B}.Debug|x64.ActiveCfg = Debug|Any CPU
		{856DED90-A961-4B98-9467-66CE81C1477B}.Debug|x64.Build.0 = Debug|Any CPU
		{856DED90-A961-4B98-9467-66CE81C1477B}.Debug|x86.ActiveCfg = Debug|Any CPU
		{856DED90-A961-4B98-9467-66CE81C1477B}.Debug|x86.Build.0 = Debug|Any CPU
		{856DED90-A961-4B98-9467-66CE81C1477B}.Release|Any CPU.ActiveCfg = Release|Any CPU
		{856DED90-A961-4B98-9467-66CE81C1477B}.Release|Any CPU.Build.0 = Release|Any CPU
		{856DED90-A961-4B98-9467-66CE81C1477B}.Release|x64.ActiveCfg = Release|Any CPU
		{856DED90-A961-4B98-9467-66CE81C1477B}.Release|x64.Build.0 = Release|Any CPU
		{856DED90-A961-4B98-9467-66CE81C1477B}.Release|x86.ActiveCfg = Release|Any CPU
		{856DED90-A961-4B98-9467-66CE81C1477B}.Release|x86.Build.0 = Release|Any CPU
		{B748E972-7460-4A5D-BE1A-9E0ABCEFBA16}.Debug|Any CPU.ActiveCfg = Debug|Any CPU
		{B748E972-7460-4A5D-BE1A-9E0ABCEFBA16}.Debug|Any CPU.Build.0 = Debug|Any CPU
		{B748E972-7460-4A5D-BE1A-9E0ABCEFBA16}.Debug|x64.ActiveCfg = Debug|Any CPU
		{B748E972-7460-4A5D-BE1A-9E0ABCEFBA16}.Debug|x64.Build.0 = Debug|Any CPU
		{B748E972-7460-4A5D-BE1A-9E0ABCEFBA16}.Debug|x86.ActiveCfg = Debug|Any CPU
		{B748E972-7460-4A5D-BE1A-9E0ABCEFBA16}.Debug|x86.Build.0 = Debug|Any CPU
		{B748E972-7460-4A5D-BE1A-9E0ABCEFBA16}.Release|Any CPU.ActiveCfg = Release|Any CPU
		{B748E972-7460-4A5D-BE1A-9E0ABCEFBA16}.Release|Any CPU.Build.0 = Release|Any CPU
		{B748E972-7460-4A5D-BE1A-9E0ABCEFBA16}.Release|x64.ActiveCfg = Release|Any CPU
		{B748E972-7460-4A5D-BE1A-9E0ABCEFBA16}.Release|x64.Build.0 = Release|Any CPU
		{B748E972-7460-4A5D-BE1A-9E0ABCEFBA16}.Release|x86.ActiveCfg = Release|Any CPU
		{B748E972-7460-4A5D-BE1A-9E0ABCEFBA16}.Release|x86.Build.0 = Release|Any CPU
		{0A50DFF7-920A-47D2-A9C5-4F8A32D0CCB9}.Debug|Any CPU.ActiveCfg = Debug|Any CPU
		{0A50DFF7-920A-47D2-A9C5-4F8A32D0CCB9}.Debug|Any CPU.Build.0 = Debug|Any CPU
		{0A50DFF7-920A-47D2-A9C5-4F8A32D0CCB9}.Debug|x64.ActiveCfg = Debug|Any CPU
		{0A50DFF7-920A-47D2-A9C5-4F8A32D0CCB9}.Debug|x64.Build.0 = Debug|Any CPU
		{0A50DFF7-920A-47D2-A9C5-4F8A32D0CCB9}.Debug|x86.ActiveCfg = Debug|Any CPU
		{0A50DFF7-920A-47D2-A9C5-4F8A32D0CCB9}.Debug|x86.Build.0 = Debug|Any CPU
		{0A50DFF7-920A-47D2-A9C5-4F8A32D0CCB9}.Release|Any CPU.ActiveCfg = Release|Any CPU
		{0A50DFF7-920A-47D2-A9C5-4F8A32D0CCB9}.Release|Any CPU.Build.0 = Release|Any CPU
		{0A50DFF7-920A-47D2-A9C5-4F8A32D0CCB9}.Release|x64.ActiveCfg = Release|Any CPU
		{0A50DFF7-920A-47D2-A9C5-4F8A32D0CCB9}.Release|x64.Build.0 = Release|Any CPU
		{0A50DFF7-920A-47D2-A9C5-4F8A32D0CCB9}.Release|x86.ActiveCfg = Release|Any CPU
		{0A50DFF7-920A-47D2-A9C5-4F8A32D0CCB9}.Release|x86.Build.0 = Release|Any CPU
		{7820A221-E080-4832-B7EE-A795127D2C85}.Debug|Any CPU.ActiveCfg = Debug|Any CPU
		{7820A221-E080-4832-B7EE-A795127D2C85}.Debug|Any CPU.Build.0 = Debug|Any CPU
		{7820A221-E080-4832-B7EE-A795127D2C85}.Debug|x64.ActiveCfg = Debug|Any CPU
		{7820A221-E080-4832-B7EE-A795127D2C85}.Debug|x64.Build.0 = Debug|Any CPU
		{7820A221-E080-4832-B7EE-A795127D2C85}.Debug|x86.ActiveCfg = Debug|Any CPU
		{7820A221-E080-4832-B7EE-A795127D2C85}.Debug|x86.Build.0 = Debug|Any CPU
		{7820A221-E080-4832-B7EE-A795127D2C85}.Release|Any CPU.ActiveCfg = Release|Any CPU
		{7820A221-E080-4832-B7EE-A795127D2C85}.Release|Any CPU.Build.0 = Release|Any CPU
		{7820A221-E080-4832-B7EE-A795127D2C85}.Release|x64.ActiveCfg = Release|Any CPU
		{7820A221-E080-4832-B7EE-A795127D2C85}.Release|x64.Build.0 = Release|Any CPU
		{7820A221-E080-4832-B7EE-A795127D2C85}.Release|x86.ActiveCfg = Release|Any CPU
		{7820A221-E080-4832-B7EE-A795127D2C85}.Release|x86.Build.0 = Release|Any CPU
		{967C6E01-C1BD-4C8C-B2C2-CE36EFD43B0D}.Debug|Any CPU.ActiveCfg = Debug|Any CPU
		{967C6E01-C1BD-4C8C-B2C2-CE36EFD43B0D}.Debug|Any CPU.Build.0 = Debug|Any CPU
		{967C6E01-C1BD-4C8C-B2C2-CE36EFD43B0D}.Debug|x64.ActiveCfg = Debug|Any CPU
		{967C6E01-C1BD-4C8C-B2C2-CE36EFD43B0D}.Debug|x64.Build.0 = Debug|Any CPU
		{967C6E01-C1BD-4C8C-B2C2-CE36EFD43B0D}.Debug|x86.ActiveCfg = Debug|Any CPU
		{967C6E01-C1BD-4C8C-B2C2-CE36EFD43B0D}.Debug|x86.Build.0 = Debug|Any CPU
		{967C6E01-C1BD-4C8C-B2C2-CE36EFD43B0D}.Release|Any CPU.ActiveCfg = Release|Any CPU
		{967C6E01-C1BD-4C8C-B2C2-CE36EFD43B0D}.Release|Any CPU.Build.0 = Release|Any CPU
		{967C6E01-C1BD-4C8C-B2C2-CE36EFD43B0D}.Release|x64.ActiveCfg = Release|Any CPU
		{967C6E01-C1BD-4C8C-B2C2-CE36EFD43B0D}.Release|x64.Build.0 = Release|Any CPU
		{967C6E01-C1BD-4C8C-B2C2-CE36EFD43B0D}.Release|x86.ActiveCfg = Release|Any CPU
		{967C6E01-C1BD-4C8C-B2C2-CE36EFD43B0D}.Release|x86.Build.0 = Release|Any CPU
		{C5D0F442-C950-427E-8934-1ABE97E28251}.Debug|Any CPU.ActiveCfg = Debug|Any CPU
		{C5D0F442-C950-427E-8934-1ABE97E28251}.Debug|Any CPU.Build.0 = Debug|Any CPU
		{C5D0F442-C950-427E-8934-1ABE97E28251}.Debug|x64.ActiveCfg = Debug|Any CPU
		{C5D0F442-C950-427E-8934-1ABE97E28251}.Debug|x64.Build.0 = Debug|Any CPU
		{C5D0F442-C950-427E-8934-1ABE97E28251}.Debug|x86.ActiveCfg = Debug|Any CPU
		{C5D0F442-C950-427E-8934-1ABE97E28251}.Debug|x86.Build.0 = Debug|Any CPU
		{C5D0F442-C950-427E-8934-1ABE97E28251}.Release|Any CPU.ActiveCfg = Release|Any CPU
		{C5D0F442-C950-427E-8934-1ABE97E28251}.Release|Any CPU.Build.0 = Release|Any CPU
		{C5D0F442-C950-427E-8934-1ABE97E28251}.Release|x64.ActiveCfg = Release|Any CPU
		{C5D0F442-C950-427E-8934-1ABE97E28251}.Release|x64.Build.0 = Release|Any CPU
		{C5D0F442-C950-427E-8934-1ABE97E28251}.Release|x86.ActiveCfg = Release|Any CPU
		{C5D0F442-C950-427E-8934-1ABE97E28251}.Release|x86.Build.0 = Release|Any CPU
		{8FFB31D0-0750-4A57-A41C-FCDE64266D9B}.Debug|Any CPU.ActiveCfg = Debug|Any CPU
		{8FFB31D0-0750-4A57-A41C-FCDE64266D9B}.Debug|Any CPU.Build.0 = Debug|Any CPU
		{8FFB31D0-0750-4A57-A41C-FCDE64266D9B}.Debug|x64.ActiveCfg = Debug|Any CPU
		{8FFB31D0-0750-4A57-A41C-FCDE64266D9B}.Debug|x64.Build.0 = Debug|Any CPU
		{8FFB31D0-0750-4A57-A41C-FCDE64266D9B}.Debug|x86.ActiveCfg = Debug|Any CPU
		{8FFB31D0-0750-4A57-A41C-FCDE64266D9B}.Debug|x86.Build.0 = Debug|Any CPU
		{8FFB31D0-0750-4A57-A41C-FCDE64266D9B}.Release|Any CPU.ActiveCfg = Release|Any CPU
		{8FFB31D0-0750-4A57-A41C-FCDE64266D9B}.Release|Any CPU.Build.0 = Release|Any CPU
		{8FFB31D0-0750-4A57-A41C-FCDE64266D9B}.Release|x64.ActiveCfg = Release|Any CPU
		{8FFB31D0-0750-4A57-A41C-FCDE64266D9B}.Release|x64.Build.0 = Release|Any CPU
		{8FFB31D0-0750-4A57-A41C-FCDE64266D9B}.Release|x86.ActiveCfg = Release|Any CPU
		{8FFB31D0-0750-4A57-A41C-FCDE64266D9B}.Release|x86.Build.0 = Release|Any CPU
		{371253F1-87DC-4329-A2D1-636D337A04A2}.Debug|Any CPU.ActiveCfg = Debug|Any CPU
		{371253F1-87DC-4329-A2D1-636D337A04A2}.Debug|Any CPU.Build.0 = Debug|Any CPU
		{371253F1-87DC-4329-A2D1-636D337A04A2}.Debug|x64.ActiveCfg = Debug|Any CPU
		{371253F1-87DC-4329-A2D1-636D337A04A2}.Debug|x64.Build.0 = Debug|Any CPU
		{371253F1-87DC-4329-A2D1-636D337A04A2}.Debug|x86.ActiveCfg = Debug|Any CPU
		{371253F1-87DC-4329-A2D1-636D337A04A2}.Debug|x86.Build.0 = Debug|Any CPU
		{371253F1-87DC-4329-A2D1-636D337A04A2}.Release|Any CPU.ActiveCfg = Release|Any CPU
		{371253F1-87DC-4329-A2D1-636D337A04A2}.Release|Any CPU.Build.0 = Release|Any CPU
		{371253F1-87DC-4329-A2D1-636D337A04A2}.Release|x64.ActiveCfg = Release|Any CPU
		{371253F1-87DC-4329-A2D1-636D337A04A2}.Release|x64.Build.0 = Release|Any CPU
		{371253F1-87DC-4329-A2D1-636D337A04A2}.Release|x86.ActiveCfg = Release|Any CPU
		{371253F1-87DC-4329-A2D1-636D337A04A2}.Release|x86.Build.0 = Release|Any CPU
		{6FB27A49-ADE6-40E4-B7EE-F2465DFCF699}.Debug|Any CPU.ActiveCfg = Debug|Any CPU
		{6FB27A49-ADE6-40E4-B7EE-F2465DFCF699}.Debug|Any CPU.Build.0 = Debug|Any CPU
		{6FB27A49-ADE6-40E4-B7EE-F2465DFCF699}.Debug|x64.ActiveCfg = Debug|Any CPU
		{6FB27A49-ADE6-40E4-B7EE-F2465DFCF699}.Debug|x64.Build.0 = Debug|Any CPU
		{6FB27A49-ADE6-40E4-B7EE-F2465DFCF699}.Debug|x86.ActiveCfg = Debug|Any CPU
		{6FB27A49-ADE6-40E4-B7EE-F2465DFCF699}.Debug|x86.Build.0 = Debug|Any CPU
		{6FB27A49-ADE6-40E4-B7EE-F2465DFCF699}.Release|Any CPU.ActiveCfg = Release|Any CPU
		{6FB27A49-ADE6-40E4-B7EE-F2465DFCF699}.Release|Any CPU.Build.0 = Release|Any CPU
		{6FB27A49-ADE6-40E4-B7EE-F2465DFCF699}.Release|x64.ActiveCfg = Release|Any CPU
		{6FB27A49-ADE6-40E4-B7EE-F2465DFCF699}.Release|x64.Build.0 = Release|Any CPU
		{6FB27A49-ADE6-40E4-B7EE-F2465DFCF699}.Release|x86.ActiveCfg = Release|Any CPU
		{6FB27A49-ADE6-40E4-B7EE-F2465DFCF699}.Release|x86.Build.0 = Release|Any CPU
		{C6BC9EBD-FE5F-4E27-AADC-A6E3F2F909AC}.Debug|Any CPU.ActiveCfg = Debug|Any CPU
		{C6BC9EBD-FE5F-4E27-AADC-A6E3F2F909AC}.Debug|Any CPU.Build.0 = Debug|Any CPU
		{C6BC9EBD-FE5F-4E27-AADC-A6E3F2F909AC}.Debug|x64.ActiveCfg = Debug|Any CPU
		{C6BC9EBD-FE5F-4E27-AADC-A6E3F2F909AC}.Debug|x64.Build.0 = Debug|Any CPU
		{C6BC9EBD-FE5F-4E27-AADC-A6E3F2F909AC}.Debug|x86.ActiveCfg = Debug|Any CPU
		{C6BC9EBD-FE5F-4E27-AADC-A6E3F2F909AC}.Debug|x86.Build.0 = Debug|Any CPU
		{C6BC9EBD-FE5F-4E27-AADC-A6E3F2F909AC}.Release|Any CPU.ActiveCfg = Release|Any CPU
		{C6BC9EBD-FE5F-4E27-AADC-A6E3F2F909AC}.Release|Any CPU.Build.0 = Release|Any CPU
		{C6BC9EBD-FE5F-4E27-AADC-A6E3F2F909AC}.Release|x64.ActiveCfg = Release|Any CPU
		{C6BC9EBD-FE5F-4E27-AADC-A6E3F2F909AC}.Release|x64.Build.0 = Release|Any CPU
		{C6BC9EBD-FE5F-4E27-AADC-A6E3F2F909AC}.Release|x86.ActiveCfg = Release|Any CPU
		{C6BC9EBD-FE5F-4E27-AADC-A6E3F2F909AC}.Release|x86.Build.0 = Release|Any CPU
		{6DBAFA2B-E126-447B-B11D-72F07E03953C}.Debug|Any CPU.ActiveCfg = Debug|Any CPU
		{6DBAFA2B-E126-447B-B11D-72F07E03953C}.Debug|Any CPU.Build.0 = Debug|Any CPU
		{6DBAFA2B-E126-447B-B11D-72F07E03953C}.Debug|x64.ActiveCfg = Debug|Any CPU
		{6DBAFA2B-E126-447B-B11D-72F07E03953C}.Debug|x64.Build.0 = Debug|Any CPU
		{6DBAFA2B-E126-447B-B11D-72F07E03953C}.Debug|x86.ActiveCfg = Debug|Any CPU
		{6DBAFA2B-E126-447B-B11D-72F07E03953C}.Debug|x86.Build.0 = Debug|Any CPU
		{6DBAFA2B-E126-447B-B11D-72F07E03953C}.Release|Any CPU.ActiveCfg = Release|Any CPU
		{6DBAFA2B-E126-447B-B11D-72F07E03953C}.Release|Any CPU.Build.0 = Release|Any CPU
		{6DBAFA2B-E126-447B-B11D-72F07E03953C}.Release|x64.ActiveCfg = Release|Any CPU
		{6DBAFA2B-E126-447B-B11D-72F07E03953C}.Release|x64.Build.0 = Release|Any CPU
		{6DBAFA2B-E126-447B-B11D-72F07E03953C}.Release|x86.ActiveCfg = Release|Any CPU
		{6DBAFA2B-E126-447B-B11D-72F07E03953C}.Release|x86.Build.0 = Release|Any CPU
		{E77F4231-5093-4002-B12F-9D086D997896}.Debug|Any CPU.ActiveCfg = Debug|Any CPU
		{E77F4231-5093-4002-B12F-9D086D997896}.Debug|Any CPU.Build.0 = Debug|Any CPU
		{E77F4231-5093-4002-B12F-9D086D997896}.Debug|x64.ActiveCfg = Debug|Any CPU
		{E77F4231-5093-4002-B12F-9D086D997896}.Debug|x64.Build.0 = Debug|Any CPU
		{E77F4231-5093-4002-B12F-9D086D997896}.Debug|x86.ActiveCfg = Debug|Any CPU
		{E77F4231-5093-4002-B12F-9D086D997896}.Debug|x86.Build.0 = Debug|Any CPU
		{E77F4231-5093-4002-B12F-9D086D997896}.Release|Any CPU.ActiveCfg = Release|Any CPU
		{E77F4231-5093-4002-B12F-9D086D997896}.Release|Any CPU.Build.0 = Release|Any CPU
		{E77F4231-5093-4002-B12F-9D086D997896}.Release|x64.ActiveCfg = Release|Any CPU
		{E77F4231-5093-4002-B12F-9D086D997896}.Release|x64.Build.0 = Release|Any CPU
		{E77F4231-5093-4002-B12F-9D086D997896}.Release|x86.ActiveCfg = Release|Any CPU
		{E77F4231-5093-4002-B12F-9D086D997896}.Release|x86.Build.0 = Release|Any CPU
	EndGlobalSection
	GlobalSection(SolutionProperties) = preSolution
		HideSolutionNode = FALSE
	EndGlobalSection
	GlobalSection(NestedProjects) = preSolution
		{2537FEA4-8A92-459B-AC76-A551F072A5E4} = {873C8EA3-E661-4C3B-BA2D-B824639D4FF0}
		{A78165DC-B8DC-400A-9A31-5DDF18D2365F} = {083F02B4-765D-4A10-9C87-7C942F300A94}
		{8AC8A65B-2D02-4E19-BCA1-4F14D1EA91DA} = {6B8380B8-5A9E-4A9C-9C22-976BE79BC520}
		{ACD99C1C-E8FF-4CB2-86D6-DB3D7E68B260} = {6B8380B8-5A9E-4A9C-9C22-976BE79BC520}
		{64081B6C-34B2-4D1E-8183-65FFF6E3830D} = {6B8380B8-5A9E-4A9C-9C22-976BE79BC520}
		{5767DCF1-6618-438D-9AFD-29B9CCDD14BB} = {2A5BBB0C-549D-460B-8F76-805E69D2D3B8}
		{F29540E5-9C12-4503-936F-ED90E275458D} = {2A5BBB0C-549D-460B-8F76-805E69D2D3B8}
		{24D3AAF0-36DF-4683-874F-4530468EFEAE} = {2A5BBB0C-549D-460B-8F76-805E69D2D3B8}
		{856DED90-A961-4B98-9467-66CE81C1477B} = {0A565C05-1CC8-4846-AD21-F1DD955B87BD}
		{B748E972-7460-4A5D-BE1A-9E0ABCEFBA16} = {0A565C05-1CC8-4846-AD21-F1DD955B87BD}
		{0A50DFF7-920A-47D2-A9C5-4F8A32D0CCB9} = {0A565C05-1CC8-4846-AD21-F1DD955B87BD}
		{7820A221-E080-4832-B7EE-A795127D2C85} = {2024C1B4-5EB4-46B0-8DB7-E092AE3B084A}
		{967C6E01-C1BD-4C8C-B2C2-CE36EFD43B0D} = {2024C1B4-5EB4-46B0-8DB7-E092AE3B084A}
		{C5D0F442-C950-427E-8934-1ABE97E28251} = {2024C1B4-5EB4-46B0-8DB7-E092AE3B084A}
		{8FFB31D0-0750-4A57-A41C-FCDE64266D9B} = {7A18BDDC-733C-4CB7-A7F1-EB5CAF37E877}
		{371253F1-87DC-4329-A2D1-636D337A04A2} = {7A18BDDC-733C-4CB7-A7F1-EB5CAF37E877}
		{6FB27A49-ADE6-40E4-B7EE-F2465DFCF699} = {7A18BDDC-733C-4CB7-A7F1-EB5CAF37E877}
		{C6BC9EBD-FE5F-4E27-AADC-A6E3F2F909AC} = {AF197F48-8C1B-4344-8134-36C2529CDDDF}
		{6DBAFA2B-E126-447B-B11D-72F07E03953C} = {AF197F48-8C1B-4344-8134-36C2529CDDDF}
		{E77F4231-5093-4002-B12F-9D086D997896} = {AF197F48-8C1B-4344-8134-36C2529CDDDF}
	EndGlobalSection
	GlobalSection(ExtensibilityGlobals) = postSolution
		SolutionGuid = {3C4D7C5D-3336-41BB-91BC-36A8C9DE2138}
	EndGlobalSection
EndGlobal
